
Microsoft Visual Studio Solution File, Format Version 12.00
# Visual Studio 15
VisualStudioVersion = 15.0.28307.1831
MinimumVisualStudioVersion = 10.0.40219.1
Project("{FAE04EC0-301F-11D3-BF4B-00C04F79EFBC}") = "ExercicioCurvaConhecimento1", "ExercicioCurvaConhecimento1\ExercicioCurvaConhecimento1.csproj", "{78B6501C-143B-47AE-92A6-9BF121399740}"
EndProject
Global
	GlobalSection(SolutionConfigurationPlatforms) = preSolution
		Debug|Any CPU = Debug|Any CPU
		Release|Any CPU = Release|Any CPU
	EndGlobalSection
	GlobalSection(ProjectConfigurationPlatforms) = postSolution
		{78B6501C-143B-47AE-92A6-9BF121399740}.Debug|Any CPU.ActiveCfg = Debug|Any CPU
		{78B6501C-143B-47AE-92A6-9BF121399740}.Debug|Any CPU.Build.0 = Debug|Any CPU
		{78B6501C-143B-47AE-92A6-9BF121399740}.Release|Any CPU.ActiveCfg = Release|Any CPU
		{78B6501C-143B-47AE-92A6-9BF121399740}.Release|Any CPU.Build.0 = Release|Any CPU
	EndGlobalSection
	GlobalSection(SolutionProperties) = preSolution
		HideSolutionNode = FALSE
	EndGlobalSection
	GlobalSection(ExtensibilityGlobals) = postSolution
		SolutionGuid = {4AC742B6-8C4D-42BB-8D17-8E10E7F44CEB}
	EndGlobalSection
EndGlobal
